
Microsoft Visual Studio Solution File, Format Version 12.00
# Visual Studio Version 17
VisualStudioVersion = 17.4.32804.182
MinimumVisualStudioVersion = 10.0.40219.1
Project("{2150E333-8FDC-42A3-9474-1A3956D46DE8}") = "01 - Testes de Unidade", "01 - Testes de Unidade", "{3E0692E3-D0BD-42E6-A4D9-7303BDE286BA}"
EndProject
Project("{2150E333-8FDC-42A3-9474-1A3956D46DE8}") = "1.1 - Testes Basicos", "1.1 - Testes Basicos", "{138E95D3-04CB-472A-B8CE-B508A6BBDB27}"
EndProject
Project("{9A19103F-16F7-4668-BE54-9A1E7A4F7556}") = "Demo", "01 - Testes de Unidade\Demo\Demo.csproj", "{72A9EFC1-AD42-4CB7-95FA-EEB47AD6499B}"
EndProject
Project("{9A19103F-16F7-4668-BE54-9A1E7A4F7556}") = "Demo.Tests", "01 - Testes de Unidade\Demo.Tests\Demo.Tests.csproj", "{FBE86FE6-A350-40B8-BE8E-0AD5D5E98BB3}"
EndProject
Project("{2150E333-8FDC-42A3-9474-1A3956D46DE8}") = "2.2 - Features", "2.2 - Features", "{BBD13BE2-CE0B-491D-A08B-77A07B35872A}"
EndProject
Project("{FAE04EC0-301F-11D3-BF4B-00C04F79EFBC}") = "Features", "01 - Testes de Unidade\Features\Features.csproj", "{CD2649B3-51E3-42E9-87C8-594317CA153B}"
EndProject
Project("{FAE04EC0-301F-11D3-BF4B-00C04F79EFBC}") = "Features.Tests", "01 - Testes de Unidade\Features.Tests\Features.Tests.csproj", "{1C784113-8EAD-410B-B45C-A04F169757DC}"
EndProject
Global
	GlobalSection(SolutionConfigurationPlatforms) = preSolution
		Debug|Any CPU = Debug|Any CPU
		Release|Any CPU = Release|Any CPU
	EndGlobalSection
	GlobalSection(ProjectConfigurationPlatforms) = postSolution
		{72A9EFC1-AD42-4CB7-95FA-EEB47AD6499B}.Debug|Any CPU.ActiveCfg = Debug|Any CPU
		{72A9EFC1-AD42-4CB7-95FA-EEB47AD6499B}.Debug|Any CPU.Build.0 = Debug|Any CPU
		{72A9EFC1-AD42-4CB7-95FA-EEB47AD6499B}.Release|Any CPU.ActiveCfg = Release|Any CPU
		{72A9EFC1-AD42-4CB7-95FA-EEB47AD6499B}.Release|Any CPU.Build.0 = Release|Any CPU
		{FBE86FE6-A350-40B8-BE8E-0AD5D5E98BB3}.Debug|Any CPU.ActiveCfg = Debug|Any CPU
		{FBE86FE6-A350-40B8-BE8E-0AD5D5E98BB3}.Debug|Any CPU.Build.0 = Debug|Any CPU
		{FBE86FE6-A350-40B8-BE8E-0AD5D5E98BB3}.Release|Any CPU.ActiveCfg = Release|Any CPU
		{FBE86FE6-A350-40B8-BE8E-0AD5D5E98BB3}.Release|Any CPU.Build.0 = Release|Any CPU
		{CD2649B3-51E3-42E9-87C8-594317CA153B}.Debug|Any CPU.ActiveCfg = Debug|Any CPU
		{CD2649B3-51E3-42E9-87C8-594317CA153B}.Debug|Any CPU.Build.0 = Debug|Any CPU
		{CD2649B3-51E3-42E9-87C8-594317CA153B}.Release|Any CPU.ActiveCfg = Release|Any CPU
		{CD2649B3-51E3-42E9-87C8-594317CA153B}.Release|Any CPU.Build.0 = Release|Any CPU
		{1C784113-8EAD-410B-B45C-A04F169757DC}.Debug|Any CPU.ActiveCfg = Debug|Any CPU
		{1C784113-8EAD-410B-B45C-A04F169757DC}.Debug|Any CPU.Build.0 = Debug|Any CPU
		{1C784113-8EAD-410B-B45C-A04F169757DC}.Release|Any CPU.ActiveCfg = Release|Any CPU
		{1C784113-8EAD-410B-B45C-A04F169757DC}.Release|Any CPU.Build.0 = Release|Any CPU
	EndGlobalSection
	GlobalSection(SolutionProperties) = preSolution
		HideSolutionNode = FALSE
	EndGlobalSection
	GlobalSection(NestedProjects) = preSolution
		{138E95D3-04CB-472A-B8CE-B508A6BBDB27} = {3E0692E3-D0BD-42E6-A4D9-7303BDE286BA}
		{72A9EFC1-AD42-4CB7-95FA-EEB47AD6499B} = {138E95D3-04CB-472A-B8CE-B508A6BBDB27}
		{FBE86FE6-A350-40B8-BE8E-0AD5D5E98BB3} = {138E95D3-04CB-472A-B8CE-B508A6BBDB27}
		{BBD13BE2-CE0B-491D-A08B-77A07B35872A} = {3E0692E3-D0BD-42E6-A4D9-7303BDE286BA}
		{CD2649B3-51E3-42E9-87C8-594317CA153B} = {BBD13BE2-CE0B-491D-A08B-77A07B35872A}
		{1C784113-8EAD-410B-B45C-A04F169757DC} = {BBD13BE2-CE0B-491D-A08B-77A07B35872A}
	EndGlobalSection
	GlobalSection(ExtensibilityGlobals) = postSolution
		SolutionGuid = {53D84CA4-905F-46A5-B83E-5405FBC49201}
	EndGlobalSection
EndGlobal
