
Microsoft Visual Studio Solution File, Format Version 12.00
# Visual Studio Version 17
VisualStudioVersion = 17.4.32804.182
MinimumVisualStudioVersion = 10.0.40219.1
Project("{2150E333-8FDC-42A3-9474-1A3956D46DE8}") = "01 - Testes de Unidade", "01 - Testes de Unidade", "{3E0692E3-D0BD-42E6-A4D9-7303BDE286BA}"
EndProject
Project("{2150E333-8FDC-42A3-9474-1A3956D46DE8}") = "1.1 - Testes Basicos", "1.1 - Testes Basicos", "{138E95D3-04CB-472A-B8CE-B508A6BBDB27}"
EndProject
Project("{9A19103F-16F7-4668-BE54-9A1E7A4F7556}") = "Demo", "01 - Testes de Unidade\Demo\Demo.csproj", "{72A9EFC1-AD42-4CB7-95FA-EEB47AD6499B}"
EndProject
Project("{9A19103F-16F7-4668-BE54-9A1E7A4F7556}") = "Demo.Tests", "01 - Testes de Unidade\Demo.Tests\Demo.Tests.csproj", "{FBE86FE6-A350-40B8-BE8E-0AD5D5E98BB3}"
EndProject
Project("{2150E333-8FDC-42A3-9474-1A3956D46DE8}") = "2.2 - Features", "2.2 - Features", "{BBD13BE2-CE0B-491D-A08B-77A07B35872A}"
EndProject
Project("{9A19103F-16F7-4668-BE54-9A1E7A4F7556}") = "Features", "01 - Testes de Unidade\Features\Features.csproj", "{CD2649B3-51E3-42E9-87C8-594317CA153B}"
EndProject
Project("{9A19103F-16F7-4668-BE54-9A1E7A4F7556}") = "Features.Tests", "01 - Testes de Unidade\Features.Tests\Features.Tests.csproj", "{1C784113-8EAD-410B-B45C-A04F169757DC}"
EndProject
Project("{2150E333-8FDC-42A3-9474-1A3956D46DE8}") = "02 - TDD", "02 - TDD", "{1EEB092A-73A1-443F-8725-0FDDC1E022E5}"
EndProject
Project("{2150E333-8FDC-42A3-9474-1A3956D46DE8}") = "Tests", "Tests", "{A1C8D4CA-D903-40AA-A2C8-C169C9C4F3EB}"
EndProject
Project("{FAE04EC0-301F-11D3-BF4B-00C04F79EFBC}") = "NerdStore.Vendas.Application.Tests", "02 - TDD\tests\NerdStore.Vendas.Application.Tests\NerdStore.Vendas.Application.Tests.csproj", "{023E8942-C821-4DA6-A517-4BD9B1E1164C}"
EndProject
Project("{FAE04EC0-301F-11D3-BF4B-00C04F79EFBC}") = "NerdStore.Vendas.Domain.Tests", "02 - TDD\tests\NerdStore.Vendas.Domain.Tests\NerdStore.Vendas.Domain.Tests.csproj", "{7448CB5A-B4C5-4EE3-8D93-492943E93D2F}"
EndProject
Project("{FAE04EC0-301F-11D3-BF4B-00C04F79EFBC}") = "NerdStore.Vendas.Domain", "02 - TDD\src\NerdStore.Vendas.Domain\NerdStore.Vendas.Domain.csproj", "{7BC6FA35-134A-449C-9912-EF61336CC2A8}"
EndProject
Global
	GlobalSection(SolutionConfigurationPlatforms) = preSolution
		Debug|Any CPU = Debug|Any CPU
		Release|Any CPU = Release|Any CPU
	EndGlobalSection
	GlobalSection(ProjectConfigurationPlatforms) = postSolution
		{72A9EFC1-AD42-4CB7-95FA-EEB47AD6499B}.Debug|Any CPU.ActiveCfg = Debug|Any CPU
		{72A9EFC1-AD42-4CB7-95FA-EEB47AD6499B}.Debug|Any CPU.Build.0 = Debug|Any CPU
		{72A9EFC1-AD42-4CB7-95FA-EEB47AD6499B}.Release|Any CPU.ActiveCfg = Release|Any CPU
		{72A9EFC1-AD42-4CB7-95FA-EEB47AD6499B}.Release|Any CPU.Build.0 = Release|Any CPU
		{FBE86FE6-A350-40B8-BE8E-0AD5D5E98BB3}.Debug|Any CPU.ActiveCfg = Debug|Any CPU
		{FBE86FE6-A350-40B8-BE8E-0AD5D5E98BB3}.Debug|Any CPU.Build.0 = Debug|Any CPU
		{FBE86FE6-A350-40B8-BE8E-0AD5D5E98BB3}.Release|Any CPU.ActiveCfg = Release|Any CPU
		{FBE86FE6-A350-40B8-BE8E-0AD5D5E98BB3}.Release|Any CPU.Build.0 = Release|Any CPU
		{CD2649B3-51E3-42E9-87C8-594317CA153B}.Debug|Any CPU.ActiveCfg = Debug|Any CPU
		{CD2649B3-51E3-42E9-87C8-594317CA153B}.Debug|Any CPU.Build.0 = Debug|Any CPU
		{CD2649B3-51E3-42E9-87C8-594317CA153B}.Release|Any CPU.ActiveCfg = Release|Any CPU
		{CD2649B3-51E3-42E9-87C8-594317CA153B}.Release|Any CPU.Build.0 = Release|Any CPU
		{1C784113-8EAD-410B-B45C-A04F169757DC}.Debug|Any CPU.ActiveCfg = Debug|Any CPU
		{1C784113-8EAD-410B-B45C-A04F169757DC}.Debug|Any CPU.Build.0 = Debug|Any CPU
		{1C784113-8EAD-410B-B45C-A04F169757DC}.Release|Any CPU.ActiveCfg = Release|Any CPU
		{1C784113-8EAD-410B-B45C-A04F169757DC}.Release|Any CPU.Build.0 = Release|Any CPU
		{023E8942-C821-4DA6-A517-4BD9B1E1164C}.Debug|Any CPU.ActiveCfg = Debug|Any CPU
		{023E8942-C821-4DA6-A517-4BD9B1E1164C}.Debug|Any CPU.Build.0 = Debug|Any CPU
		{023E8942-C821-4DA6-A517-4BD9B1E1164C}.Release|Any CPU.ActiveCfg = Release|Any CPU
		{023E8942-C821-4DA6-A517-4BD9B1E1164C}.Release|Any CPU.Build.0 = Release|Any CPU
		{7448CB5A-B4C5-4EE3-8D93-492943E93D2F}.Debug|Any CPU.ActiveCfg = Debug|Any CPU
		{7448CB5A-B4C5-4EE3-8D93-492943E93D2F}.Debug|Any CPU.Build.0 = Debug|Any CPU
		{7448CB5A-B4C5-4EE3-8D93-492943E93D2F}.Release|Any CPU.ActiveCfg = Release|Any CPU
		{7448CB5A-B4C5-4EE3-8D93-492943E93D2F}.Release|Any CPU.Build.0 = Release|Any CPU
		{7BC6FA35-134A-449C-9912-EF61336CC2A8}.Debug|Any CPU.ActiveCfg = Debug|Any CPU
		{7BC6FA35-134A-449C-9912-EF61336CC2A8}.Debug|Any CPU.Build.0 = Debug|Any CPU
		{7BC6FA35-134A-449C-9912-EF61336CC2A8}.Release|Any CPU.ActiveCfg = Release|Any CPU
		{7BC6FA35-134A-449C-9912-EF61336CC2A8}.Release|Any CPU.Build.0 = Release|Any CPU
	EndGlobalSection
	GlobalSection(SolutionProperties) = preSolution
		HideSolutionNode = FALSE
	EndGlobalSection
	GlobalSection(NestedProjects) = preSolution
		{138E95D3-04CB-472A-B8CE-B508A6BBDB27} = {3E0692E3-D0BD-42E6-A4D9-7303BDE286BA}
		{72A9EFC1-AD42-4CB7-95FA-EEB47AD6499B} = {138E95D3-04CB-472A-B8CE-B508A6BBDB27}
		{FBE86FE6-A350-40B8-BE8E-0AD5D5E98BB3} = {138E95D3-04CB-472A-B8CE-B508A6BBDB27}
		{BBD13BE2-CE0B-491D-A08B-77A07B35872A} = {3E0692E3-D0BD-42E6-A4D9-7303BDE286BA}
		{CD2649B3-51E3-42E9-87C8-594317CA153B} = {BBD13BE2-CE0B-491D-A08B-77A07B35872A}
		{1C784113-8EAD-410B-B45C-A04F169757DC} = {BBD13BE2-CE0B-491D-A08B-77A07B35872A}
		{A1C8D4CA-D903-40AA-A2C8-C169C9C4F3EB} = {1EEB092A-73A1-443F-8725-0FDDC1E022E5}
		{023E8942-C821-4DA6-A517-4BD9B1E1164C} = {A1C8D4CA-D903-40AA-A2C8-C169C9C4F3EB}
		{7448CB5A-B4C5-4EE3-8D93-492943E93D2F} = {A1C8D4CA-D903-40AA-A2C8-C169C9C4F3EB}
		{7BC6FA35-134A-449C-9912-EF61336CC2A8} = {1EEB092A-73A1-443F-8725-0FDDC1E022E5}
	EndGlobalSection
	GlobalSection(ExtensibilityGlobals) = postSolution
		SolutionGuid = {53D84CA4-905F-46A5-B83E-5405FBC49201}
	EndGlobalSection
EndGlobal
